// !$*UTF8*$!
{
	archiveVersion = 1;
	classes = {
	};
	objectVersion = 48;
	objects = {

/* Begin PBXBuildFile section */
		441DDF56952F589A186B9538 /* Pods_ARMapsTests.framework in Frameworks */ = {isa = PBXBuildFile; fileRef = 6341D87AD2EB18C1901CED82 /* Pods_ARMapsTests.framework */; };
		B517F96A2017E033004C7580 /* LocationSearchTable.swift in Sources */ = {isa = PBXBuildFile; fileRef = B517F9692017E033004C7580 /* LocationSearchTable.swift */; };
		B541D3651FEDB890009ECE0B /* AppDelegate.swift in Sources */ = {isa = PBXBuildFile; fileRef = B541D3641FEDB890009ECE0B /* AppDelegate.swift */; };
		B541D3671FEDB890009ECE0B /* art.scnassets in Resources */ = {isa = PBXBuildFile; fileRef = B541D3661FEDB890009ECE0B /* art.scnassets */; };
		B541D3691FEDB890009ECE0B /* ViewController.swift in Sources */ = {isa = PBXBuildFile; fileRef = B541D3681FEDB890009ECE0B /* ViewController.swift */; };
		B541D36C1FEDB890009ECE0B /* Main.storyboard in Resources */ = {isa = PBXBuildFile; fileRef = B541D36A1FEDB890009ECE0B /* Main.storyboard */; };
		B541D36E1FEDB890009ECE0B /* Assets.xcassets in Resources */ = {isa = PBXBuildFile; fileRef = B541D36D1FEDB890009ECE0B /* Assets.xcassets */; };
		B541D3711FEDB890009ECE0B /* LaunchScreen.storyboard in Resources */ = {isa = PBXBuildFile; fileRef = B541D36F1FEDB890009ECE0B /* LaunchScreen.storyboard */; };
		B541D37C1FEDB890009ECE0B /* ARMapsTests.swift in Sources */ = {isa = PBXBuildFile; fileRef = B541D37B1FEDB890009ECE0B /* ARMapsTests.swift */; };
		B541D3871FEDB891009ECE0B /* ARMapsUITests.swift in Sources */ = {isa = PBXBuildFile; fileRef = B541D3861FEDB891009ECE0B /* ARMapsUITests.swift */; };
		B5A034562006812600160C5E /* MapKit.framework in Frameworks */ = {isa = PBXBuildFile; fileRef = B5A034552006812600160C5E /* MapKit.framework */; };
		B5D9429B202154E800EA9126 /* CustomPolyline.swift in Sources */ = {isa = PBXBuildFile; fileRef = B5D9429A202154E800EA9126 /* CustomPolyline.swift */; };
		B5EED42B201F9A6C00C1F26D /* ARNavViewController.swift in Sources */ = {isa = PBXBuildFile; fileRef = B5EED42A201F9A6C00C1F26D /* ARNavViewController.swift */; };
		B5FE8D01200525BA00AF1886 /* SearchController.swift in Sources */ = {isa = PBXBuildFile; fileRef = B5FE8D00200525BA00AF1886 /* SearchController.swift */; };
		CE799D13B92F4197F989A3A5 /* Pods_ARMapsUITests.framework in Frameworks */ = {isa = PBXBuildFile; fileRef = 85384F98CA04B895580B15B9 /* Pods_ARMapsUITests.framework */; };
		F2357E61F3F734E2BF53562F /* Pods_ARMaps.framework in Frameworks */ = {isa = PBXBuildFile; fileRef = C0F7D6D20B80693BD3305DCE /* Pods_ARMaps.framework */; };
/* End PBXBuildFile section */

/* Begin PBXContainerItemProxy section */
		B541D3781FEDB890009ECE0B /* PBXContainerItemProxy */ = {
			isa = PBXContainerItemProxy;
			containerPortal = B541D3591FEDB890009ECE0B /* Project object */;
			proxyType = 1;
			remoteGlobalIDString = B541D3601FEDB890009ECE0B;
			remoteInfo = ARMaps;
		};
		B541D3831FEDB891009ECE0B /* PBXContainerItemProxy */ = {
			isa = PBXContainerItemProxy;
			containerPortal = B541D3591FEDB890009ECE0B /* Project object */;
			proxyType = 1;
			remoteGlobalIDString = B541D3601FEDB890009ECE0B;
			remoteInfo = ARMaps;
		};
/* End PBXContainerItemProxy section */

/* Begin PBXFileReference section */
		31E63F252FA01B18BE710023 /* Pods-ARMapsUITests.release.xcconfig */ = {isa = PBXFileReference; includeInIndex = 1; lastKnownFileType = text.xcconfig; name = "Pods-ARMapsUITests.release.xcconfig"; path = "Pods/Target Support Files/Pods-ARMapsUITests/Pods-ARMapsUITests.release.xcconfig"; sourceTree = "<group>"; };
		3B9BE24D5A04B055A810ECC9 /* Pods-ARMapsUITests.debug.xcconfig */ = {isa = PBXFileReference; includeInIndex = 1; lastKnownFileType = text.xcconfig; name = "Pods-ARMapsUITests.debug.xcconfig"; path = "Pods/Target Support Files/Pods-ARMapsUITests/Pods-ARMapsUITests.debug.xcconfig"; sourceTree = "<group>"; };
		6341D87AD2EB18C1901CED82 /* Pods_ARMapsTests.framework */ = {isa = PBXFileReference; explicitFileType = wrapper.framework; includeInIndex = 0; path = Pods_ARMapsTests.framework; sourceTree = BUILT_PRODUCTS_DIR; };
		85384F98CA04B895580B15B9 /* Pods_ARMapsUITests.framework */ = {isa = PBXFileReference; explicitFileType = wrapper.framework; includeInIndex = 0; path = Pods_ARMapsUITests.framework; sourceTree = BUILT_PRODUCTS_DIR; };
		90D8E8F104E275753F8390D3 /* Pods-ARMaps.release.xcconfig */ = {isa = PBXFileReference; includeInIndex = 1; lastKnownFileType = text.xcconfig; name = "Pods-ARMaps.release.xcconfig"; path = "Pods/Target Support Files/Pods-ARMaps/Pods-ARMaps.release.xcconfig"; sourceTree = "<group>"; };
		924D902122C956DF1FEEB8F2 /* Pods-ARMaps.debug.xcconfig */ = {isa = PBXFileReference; includeInIndex = 1; lastKnownFileType = text.xcconfig; name = "Pods-ARMaps.debug.xcconfig"; path = "Pods/Target Support Files/Pods-ARMaps/Pods-ARMaps.debug.xcconfig"; sourceTree = "<group>"; };
		990F2DEE31F1083EE0374104 /* Pods-ARMapsTests.debug.xcconfig */ = {isa = PBXFileReference; includeInIndex = 1; lastKnownFileType = text.xcconfig; name = "Pods-ARMapsTests.debug.xcconfig"; path = "Pods/Target Support Files/Pods-ARMapsTests/Pods-ARMapsTests.debug.xcconfig"; sourceTree = "<group>"; };
		B517F9692017E033004C7580 /* LocationSearchTable.swift */ = {isa = PBXFileReference; lastKnownFileType = sourcecode.swift; path = LocationSearchTable.swift; sourceTree = "<group>"; };
		B541D3611FEDB890009ECE0B /* ARMaps.app */ = {isa = PBXFileReference; explicitFileType = wrapper.application; includeInIndex = 0; path = ARMaps.app; sourceTree = BUILT_PRODUCTS_DIR; };
		B541D3641FEDB890009ECE0B /* AppDelegate.swift */ = {isa = PBXFileReference; lastKnownFileType = sourcecode.swift; path = AppDelegate.swift; sourceTree = "<group>"; };
		B541D3661FEDB890009ECE0B /* art.scnassets */ = {isa = PBXFileReference; lastKnownFileType = wrapper.scnassets; path = art.scnassets; sourceTree = "<group>"; };
		B541D3681FEDB890009ECE0B /* ViewController.swift */ = {isa = PBXFileReference; lastKnownFileType = sourcecode.swift; path = ViewController.swift; sourceTree = "<group>"; };
		B541D36B1FEDB890009ECE0B /* Base */ = {isa = PBXFileReference; lastKnownFileType = file.storyboard; name = Base; path = Base.lproj/Main.storyboard; sourceTree = "<group>"; };
		B541D36D1FEDB890009ECE0B /* Assets.xcassets */ = {isa = PBXFileReference; lastKnownFileType = folder.assetcatalog; path = Assets.xcassets; sourceTree = "<group>"; };
		B541D3701FEDB890009ECE0B /* Base */ = {isa = PBXFileReference; lastKnownFileType = file.storyboard; name = Base; path = Base.lproj/LaunchScreen.storyboard; sourceTree = "<group>"; };
		B541D3721FEDB890009ECE0B /* Info.plist */ = {isa = PBXFileReference; lastKnownFileType = text.plist.xml; path = Info.plist; sourceTree = "<group>"; };
		B541D3771FEDB890009ECE0B /* ARMapsTests.xctest */ = {isa = PBXFileReference; explicitFileType = wrapper.cfbundle; includeInIndex = 0; path = ARMapsTests.xctest; sourceTree = BUILT_PRODUCTS_DIR; };
		B541D37B1FEDB890009ECE0B /* ARMapsTests.swift */ = {isa = PBXFileReference; lastKnownFileType = sourcecode.swift; path = ARMapsTests.swift; sourceTree = "<group>"; };
		B541D3821FEDB890009ECE0B /* ARMapsUITests.xctest */ = {isa = PBXFileReference; explicitFileType = wrapper.cfbundle; includeInIndex = 0; path = ARMapsUITests.xctest; sourceTree = BUILT_PRODUCTS_DIR; };
		B541D3861FEDB891009ECE0B /* ARMapsUITests.swift */ = {isa = PBXFileReference; lastKnownFileType = sourcecode.swift; path = ARMapsUITests.swift; sourceTree = "<group>"; };
		B541D3881FEDB891009ECE0B /* Info.plist */ = {isa = PBXFileReference; lastKnownFileType = text.plist.xml; path = Info.plist; sourceTree = "<group>"; };
		B5A034552006812600160C5E /* MapKit.framework */ = {isa = PBXFileReference; lastKnownFileType = wrapper.framework; name = MapKit.framework; path = System/Library/Frameworks/MapKit.framework; sourceTree = SDKROOT; };
		B5D9429A202154E800EA9126 /* CustomPolyline.swift */ = {isa = PBXFileReference; lastKnownFileType = sourcecode.swift; path = CustomPolyline.swift; sourceTree = "<group>"; };
		B5EED42A201F9A6C00C1F26D /* ARNavViewController.swift */ = {isa = PBXFileReference; lastKnownFileType = sourcecode.swift; path = ARNavViewController.swift; sourceTree = "<group>"; };
		B5FE8D00200525BA00AF1886 /* SearchController.swift */ = {isa = PBXFileReference; lastKnownFileType = sourcecode.swift; path = SearchController.swift; sourceTree = "<group>"; };
		C0F7D6D20B80693BD3305DCE /* Pods_ARMaps.framework */ = {isa = PBXFileReference; explicitFileType = wrapper.framework; includeInIndex = 0; path = Pods_ARMaps.framework; sourceTree = BUILT_PRODUCTS_DIR; };
		FDDEA07E138E91A23B39C39C /* Pods-ARMapsTests.release.xcconfig */ = {isa = PBXFileReference; includeInIndex = 1; lastKnownFileType = text.xcconfig; name = "Pods-ARMapsTests.release.xcconfig"; path = "Pods/Target Support Files/Pods-ARMapsTests/Pods-ARMapsTests.release.xcconfig"; sourceTree = "<group>"; };
/* End PBXFileReference section */

/* Begin PBXFrameworksBuildPhase section */
		B541D35E1FEDB890009ECE0B /* Frameworks */ = {
			isa = PBXFrameworksBuildPhase;
			buildActionMask = 2147483647;
			files = (
				B5A034562006812600160C5E /* MapKit.framework in Frameworks */,
				F2357E61F3F734E2BF53562F /* Pods_ARMaps.framework in Frameworks */,
			);
			runOnlyForDeploymentPostprocessing = 0;
		};
		B541D3741FEDB890009ECE0B /* Frameworks */ = {
			isa = PBXFrameworksBuildPhase;
			buildActionMask = 2147483647;
			files = (
				441DDF56952F589A186B9538 /* Pods_ARMapsTests.framework in Frameworks */,
			);
			runOnlyForDeploymentPostprocessing = 0;
		};
		B541D37F1FEDB890009ECE0B /* Frameworks */ = {
			isa = PBXFrameworksBuildPhase;
			buildActionMask = 2147483647;
			files = (
				CE799D13B92F4197F989A3A5 /* Pods_ARMapsUITests.framework in Frameworks */,
			);
			runOnlyForDeploymentPostprocessing = 0;
		};
/* End PBXFrameworksBuildPhase section */

/* Begin PBXGroup section */
		2D6E95207ED6A8ECA87B8DDF /* Pods */ = {
			isa = PBXGroup;
			children = (
				924D902122C956DF1FEEB8F2 /* Pods-ARMaps.debug.xcconfig */,
				90D8E8F104E275753F8390D3 /* Pods-ARMaps.release.xcconfig */,
				990F2DEE31F1083EE0374104 /* Pods-ARMapsTests.debug.xcconfig */,
				FDDEA07E138E91A23B39C39C /* Pods-ARMapsTests.release.xcconfig */,
				3B9BE24D5A04B055A810ECC9 /* Pods-ARMapsUITests.debug.xcconfig */,
				31E63F252FA01B18BE710023 /* Pods-ARMapsUITests.release.xcconfig */,
			);
			name = Pods;
			sourceTree = "<group>";
		};
		B541D3581FEDB890009ECE0B = {
			isa = PBXGroup;
			children = (
				B541D3631FEDB890009ECE0B /* ARMaps */,
				B541D37A1FEDB890009ECE0B /* ARMapsTests */,
				B541D3851FEDB891009ECE0B /* ARMapsUITests */,
				B541D3621FEDB890009ECE0B /* Products */,
				B5A034542006812600160C5E /* Frameworks */,
				2D6E95207ED6A8ECA87B8DDF /* Pods */,
			);
			sourceTree = "<group>";
		};
		B541D3621FEDB890009ECE0B /* Products */ = {
			isa = PBXGroup;
			children = (
				B541D3611FEDB890009ECE0B /* ARMaps.app */,
				B541D3771FEDB890009ECE0B /* ARMapsTests.xctest */,
				B541D3821FEDB890009ECE0B /* ARMapsUITests.xctest */,
			);
			name = Products;
			sourceTree = "<group>";
		};
		B541D3631FEDB890009ECE0B /* ARMaps */ = {
			isa = PBXGroup;
			children = (
				B541D3721FEDB890009ECE0B /* Info.plist */,
				B541D3641FEDB890009ECE0B /* AppDelegate.swift */,
				B541D3661FEDB890009ECE0B /* art.scnassets */,
				B5D9429C2021551B00EA9126 /* Assistance */,
				B5FE8D02200528E400AF1886 /* ViewControllers */,
				B541D36A1FEDB890009ECE0B /* Main.storyboard */,
				B541D36D1FEDB890009ECE0B /* Assets.xcassets */,
				B541D36F1FEDB890009ECE0B /* LaunchScreen.storyboard */,
			);
			path = ARMaps;
			sourceTree = "<group>";
		};
		B541D37A1FEDB890009ECE0B /* ARMapsTests */ = {
			isa = PBXGroup;
			children = (
				B541D37B1FEDB890009ECE0B /* ARMapsTests.swift */,
			);
			path = ARMapsTests;
			sourceTree = "<group>";
		};
		B541D3851FEDB891009ECE0B /* ARMapsUITests */ = {
			isa = PBXGroup;
			children = (
				B541D3861FEDB891009ECE0B /* ARMapsUITests.swift */,
				B541D3881FEDB891009ECE0B /* Info.plist */,
			);
			path = ARMapsUITests;
			sourceTree = "<group>";
		};
		B5A034542006812600160C5E /* Frameworks */ = {
			isa = PBXGroup;
			children = (
				B5A034552006812600160C5E /* MapKit.framework */,
				C0F7D6D20B80693BD3305DCE /* Pods_ARMaps.framework */,
				6341D87AD2EB18C1901CED82 /* Pods_ARMapsTests.framework */,
				85384F98CA04B895580B15B9 /* Pods_ARMapsUITests.framework */,
			);
			name = Frameworks;
			sourceTree = "<group>";
		};
		B5D9429C2021551B00EA9126 /* Assistance */ = {
			isa = PBXGroup;
			children = (
				B5D9429A202154E800EA9126 /* CustomPolyline.swift */,
			);
			path = Assistance;
			sourceTree = "<group>";
		};
		B5FE8D02200528E400AF1886 /* ViewControllers */ = {
			isa = PBXGroup;
			children = (
				B541D3681FEDB890009ECE0B /* ViewController.swift */,
				B5EED42A201F9A6C00C1F26D /* ARNavViewController.swift */,
				B517F9692017E033004C7580 /* LocationSearchTable.swift */,
				B5FE8D00200525BA00AF1886 /* SearchController.swift */,
			);
			path = ViewControllers;
			sourceTree = "<group>";
		};
/* End PBXGroup section */

/* Begin PBXNativeTarget section */
		B541D3601FEDB890009ECE0B /* ARMaps */ = {
			isa = PBXNativeTarget;
			buildConfigurationList = B541D38B1FEDB891009ECE0B /* Build configuration list for PBXNativeTarget "ARMaps" */;
			buildPhases = (
				55A33B9315B1565CDB41C5D5 /* [CP] Check Pods Manifest.lock */,
				B541D35D1FEDB890009ECE0B /* Sources */,
				B541D35E1FEDB890009ECE0B /* Frameworks */,
				B541D35F1FEDB890009ECE0B /* Resources */,
				6BABB60873EF42B503E385B3 /* [CP] Embed Pods Frameworks */,
				40AB46D1E59DA1D7882D6A33 /* [CP] Copy Pods Resources */,
			);
			buildRules = (
			);
			dependencies = (
			);
			name = ARMaps;
			productName = ARMaps;
			productReference = B541D3611FEDB890009ECE0B /* ARMaps.app */;
			productType = "com.apple.product-type.application";
		};
		B541D3761FEDB890009ECE0B /* ARMapsTests */ = {
			isa = PBXNativeTarget;
			buildConfigurationList = B541D38E1FEDB891009ECE0B /* Build configuration list for PBXNativeTarget "ARMapsTests" */;
			buildPhases = (
				F9C71E3541DF50FEFED8A375 /* [CP] Check Pods Manifest.lock */,
				B541D3731FEDB890009ECE0B /* Sources */,
				B541D3741FEDB890009ECE0B /* Frameworks */,
				B541D3751FEDB890009ECE0B /* Resources */,
				BDC23B2009AC23F9A29A8B22 /* [CP] Embed Pods Frameworks */,
				B0696376FD83562BF47089E6 /* [CP] Copy Pods Resources */,
			);
			buildRules = (
			);
			dependencies = (
				B541D3791FEDB890009ECE0B /* PBXTargetDependency */,
			);
			name = ARMapsTests;
			productName = ARMapsTests;
			productReference = B541D3771FEDB890009ECE0B /* ARMapsTests.xctest */;
			productType = "com.apple.product-type.bundle.unit-test";
		};
		B541D3811FEDB890009ECE0B /* ARMapsUITests */ = {
			isa = PBXNativeTarget;
			buildConfigurationList = B541D3911FEDB891009ECE0B /* Build configuration list for PBXNativeTarget "ARMapsUITests" */;
			buildPhases = (
				559B5908AF471C793C1E979A /* [CP] Check Pods Manifest.lock */,
				B541D37E1FEDB890009ECE0B /* Sources */,
				B541D37F1FEDB890009ECE0B /* Frameworks */,
				B541D3801FEDB890009ECE0B /* Resources */,
				E5C8AAC5242F71EEBC02EA19 /* [CP] Embed Pods Frameworks */,
				23C6C5F7476CE5DF5E4078D9 /* [CP] Copy Pods Resources */,
			);
			buildRules = (
			);
			dependencies = (
				B541D3841FEDB891009ECE0B /* PBXTargetDependency */,
			);
			name = ARMapsUITests;
			productName = ARMapsUITests;
			productReference = B541D3821FEDB890009ECE0B /* ARMapsUITests.xctest */;
			productType = "com.apple.product-type.bundle.ui-testing";
		};
/* End PBXNativeTarget section */

/* Begin PBXProject section */
		B541D3591FEDB890009ECE0B /* Project object */ = {
			isa = PBXProject;
			attributes = {
				LastSwiftUpdateCheck = 0920;
				LastUpgradeCheck = 0920;
				ORGANIZATIONNAME = "Ben Porter";
				TargetAttributes = {
					B541D3601FEDB890009ECE0B = {
						CreatedOnToolsVersion = 9.2;
						ProvisioningStyle = Automatic;
						SystemCapabilities = {
							com.apple.BackgroundModes = {
								enabled = 1;
							};
							com.apple.Maps.iOS = {
								enabled = 1;
							};
						};
					};
					B541D3761FEDB890009ECE0B = {
						CreatedOnToolsVersion = 9.2;
						ProvisioningStyle = Automatic;
						TestTargetID = B541D3601FEDB890009ECE0B;
					};
					B541D3811FEDB890009ECE0B = {
						CreatedOnToolsVersion = 9.2;
						ProvisioningStyle = Automatic;
						TestTargetID = B541D3601FEDB890009ECE0B;
					};
				};
			};
			buildConfigurationList = B541D35C1FEDB890009ECE0B /* Build configuration list for PBXProject "ARMaps" */;
			compatibilityVersion = "Xcode 8.0";
			developmentRegion = en;
			hasScannedForEncodings = 0;
			knownRegions = (
				en,
				Base,
			);
			mainGroup = B541D3581FEDB890009ECE0B;
			productRefGroup = B541D3621FEDB890009ECE0B /* Products */;
			projectDirPath = "";
			projectRoot = "";
			targets = (
				B541D3601FEDB890009ECE0B /* ARMaps */,
				B541D3761FEDB890009ECE0B /* ARMapsTests */,
				B541D3811FEDB890009ECE0B /* ARMapsUITests */,
			);
		};
/* End PBXProject section */

/* Begin PBXResourcesBuildPhase section */
		B541D35F1FEDB890009ECE0B /* Resources */ = {
			isa = PBXResourcesBuildPhase;
			buildActionMask = 2147483647;
			files = (
				B541D3671FEDB890009ECE0B /* art.scnassets in Resources */,
				B541D3711FEDB890009ECE0B /* LaunchScreen.storyboard in Resources */,
				B541D36E1FEDB890009ECE0B /* Assets.xcassets in Resources */,
				B541D36C1FEDB890009ECE0B /* Main.storyboard in Resources */,
			);
			runOnlyForDeploymentPostprocessing = 0;
		};
		B541D3751FEDB890009ECE0B /* Resources */ = {
			isa = PBXResourcesBuildPhase;
			buildActionMask = 2147483647;
			files = (
			);
			runOnlyForDeploymentPostprocessing = 0;
		};
		B541D3801FEDB890009ECE0B /* Resources */ = {
			isa = PBXResourcesBuildPhase;
			buildActionMask = 2147483647;
			files = (
			);
			runOnlyForDeploymentPostprocessing = 0;
		};
/* End PBXResourcesBuildPhase section */

/* Begin PBXShellScriptBuildPhase section */
		23C6C5F7476CE5DF5E4078D9 /* [CP] Copy Pods Resources */ = {
			isa = PBXShellScriptBuildPhase;
			buildActionMask = 2147483647;
			files = (
			);
			inputPaths = (
			);
			name = "[CP] Copy Pods Resources";
			outputPaths = (
			);
			runOnlyForDeploymentPostprocessing = 0;
			shellPath = /bin/sh;
			shellScript = "\"${SRCROOT}/Pods/Target Support Files/Pods-ARMapsUITests/Pods-ARMapsUITests-resources.sh\"\n";
			showEnvVarsInLog = 0;
		};
		40AB46D1E59DA1D7882D6A33 /* [CP] Copy Pods Resources */ = {
			isa = PBXShellScriptBuildPhase;
			buildActionMask = 2147483647;
			files = (
			);
			inputPaths = (
			);
			name = "[CP] Copy Pods Resources";
			outputPaths = (
			);
			runOnlyForDeploymentPostprocessing = 0;
			shellPath = /bin/sh;
			shellScript = "\"${SRCROOT}/Pods/Target Support Files/Pods-ARMaps/Pods-ARMaps-resources.sh\"\n";
			showEnvVarsInLog = 0;
		};
		559B5908AF471C793C1E979A /* [CP] Check Pods Manifest.lock */ = {
			isa = PBXShellScriptBuildPhase;
			buildActionMask = 2147483647;
			files = (
			);
			inputPaths = (
				"${PODS_PODFILE_DIR_PATH}/Podfile.lock",
				"${PODS_ROOT}/Manifest.lock",
			);
			name = "[CP] Check Pods Manifest.lock";
			outputPaths = (
				"$(DERIVED_FILE_DIR)/Pods-ARMapsUITests-checkManifestLockResult.txt",
			);
			runOnlyForDeploymentPostprocessing = 0;
			shellPath = /bin/sh;
			shellScript = "diff \"${PODS_PODFILE_DIR_PATH}/Podfile.lock\" \"${PODS_ROOT}/Manifest.lock\" > /dev/null\nif [ $? != 0 ] ; then\n    # print error to STDERR\n    echo \"error: The sandbox is not in sync with the Podfile.lock. Run 'pod install' or update your CocoaPods installation.\" >&2\n    exit 1\nfi\n# This output is used by Xcode 'outputs' to avoid re-running this script phase.\necho \"SUCCESS\" > \"${SCRIPT_OUTPUT_FILE_0}\"\n";
			showEnvVarsInLog = 0;
		};
		55A33B9315B1565CDB41C5D5 /* [CP] Check Pods Manifest.lock */ = {
			isa = PBXShellScriptBuildPhase;
			buildActionMask = 2147483647;
			files = (
			);
			inputPaths = (
				"${PODS_PODFILE_DIR_PATH}/Podfile.lock",
				"${PODS_ROOT}/Manifest.lock",
			);
			name = "[CP] Check Pods Manifest.lock";
			outputPaths = (
				"$(DERIVED_FILE_DIR)/Pods-ARMaps-checkManifestLockResult.txt",
			);
			runOnlyForDeploymentPostprocessing = 0;
			shellPath = /bin/sh;
			shellScript = "diff \"${PODS_PODFILE_DIR_PATH}/Podfile.lock\" \"${PODS_ROOT}/Manifest.lock\" > /dev/null\nif [ $? != 0 ] ; then\n    # print error to STDERR\n    echo \"error: The sandbox is not in sync with the Podfile.lock. Run 'pod install' or update your CocoaPods installation.\" >&2\n    exit 1\nfi\n# This output is used by Xcode 'outputs' to avoid re-running this script phase.\necho \"SUCCESS\" > \"${SCRIPT_OUTPUT_FILE_0}\"\n";
			showEnvVarsInLog = 0;
		};
		6BABB60873EF42B503E385B3 /* [CP] Embed Pods Frameworks */ = {
			isa = PBXShellScriptBuildPhase;
			buildActionMask = 2147483647;
			files = (
			);
			inputPaths = (
				"${SRCROOT}/Pods/Target Support Files/Pods-ARMaps/Pods-ARMaps-frameworks.sh",
				"${BUILT_PRODUCTS_DIR}/ARCL/ARCL.framework",
			);
			name = "[CP] Embed Pods Frameworks";
			outputPaths = (
				"${TARGET_BUILD_DIR}/${FRAMEWORKS_FOLDER_PATH}/ARCL.framework",
			);
			runOnlyForDeploymentPostprocessing = 0;
			shellPath = /bin/sh;
			shellScript = "\"${SRCROOT}/Pods/Target Support Files/Pods-ARMaps/Pods-ARMaps-frameworks.sh\"\n";
			showEnvVarsInLog = 0;
		};
		B0696376FD83562BF47089E6 /* [CP] Copy Pods Resources */ = {
			isa = PBXShellScriptBuildPhase;
			buildActionMask = 2147483647;
			files = (
			);
			inputPaths = (
			);
			name = "[CP] Copy Pods Resources";
			outputPaths = (
			);
			runOnlyForDeploymentPostprocessing = 0;
			shellPath = /bin/sh;
			shellScript = "\"${SRCROOT}/Pods/Target Support Files/Pods-ARMapsTests/Pods-ARMapsTests-resources.sh\"\n";
			showEnvVarsInLog = 0;
		};
		BDC23B2009AC23F9A29A8B22 /* [CP] Embed Pods Frameworks */ = {
			isa = PBXShellScriptBuildPhase;
			buildActionMask = 2147483647;
			files = (
			);
			inputPaths = (
			);
			name = "[CP] Embed Pods Frameworks";
			outputPaths = (
			);
			runOnlyForDeploymentPostprocessing = 0;
			shellPath = /bin/sh;
			shellScript = "\"${SRCROOT}/Pods/Target Support Files/Pods-ARMapsTests/Pods-ARMapsTests-frameworks.sh\"\n";
			showEnvVarsInLog = 0;
		};
		E5C8AAC5242F71EEBC02EA19 /* [CP] Embed Pods Frameworks */ = {
			isa = PBXShellScriptBuildPhase;
			buildActionMask = 2147483647;
			files = (
			);
			inputPaths = (
			);
			name = "[CP] Embed Pods Frameworks";
			outputPaths = (
			);
			runOnlyForDeploymentPostprocessing = 0;
			shellPath = /bin/sh;
			shellScript = "\"${SRCROOT}/Pods/Target Support Files/Pods-ARMapsUITests/Pods-ARMapsUITests-frameworks.sh\"\n";
			showEnvVarsInLog = 0;
		};
		F9C71E3541DF50FEFED8A375 /* [CP] Check Pods Manifest.lock */ = {
			isa = PBXShellScriptBuildPhase;
			buildActionMask = 2147483647;
			files = (
			);
			inputPaths = (
				"${PODS_PODFILE_DIR_PATH}/Podfile.lock",
				"${PODS_ROOT}/Manifest.lock",
			);
			name = "[CP] Check Pods Manifest.lock";
			outputPaths = (
				"$(DERIVED_FILE_DIR)/Pods-ARMapsTests-checkManifestLockResult.txt",
			);
			runOnlyForDeploymentPostprocessing = 0;
			shellPath = /bin/sh;
			shellScript = "diff \"${PODS_PODFILE_DIR_PATH}/Podfile.lock\" \"${PODS_ROOT}/Manifest.lock\" > /dev/null\nif [ $? != 0 ] ; then\n    # print error to STDERR\n    echo \"error: The sandbox is not in sync with the Podfile.lock. Run 'pod install' or update your CocoaPods installation.\" >&2\n    exit 1\nfi\n# This output is used by Xcode 'outputs' to avoid re-running this script phase.\necho \"SUCCESS\" > \"${SCRIPT_OUTPUT_FILE_0}\"\n";
			showEnvVarsInLog = 0;
		};
/* End PBXShellScriptBuildPhase section */

/* Begin PBXSourcesBuildPhase section */
		B541D35D1FEDB890009ECE0B /* Sources */ = {
			isa = PBXSourcesBuildPhase;
			buildActionMask = 2147483647;
			files = (
				B541D3691FEDB890009ECE0B /* ViewController.swift in Sources */,
				B5FE8D01200525BA00AF1886 /* SearchController.swift in Sources */,
				B5EED42B201F9A6C00C1F26D /* ARNavViewController.swift in Sources */,
				B541D3651FEDB890009ECE0B /* AppDelegate.swift in Sources */,
				B5D9429B202154E800EA9126 /* CustomPolyline.swift in Sources */,
				B517F96A2017E033004C7580 /* LocationSearchTable.swift in Sources */,
			);
			runOnlyForDeploymentPostprocessing = 0;
		};
		B541D3731FEDB890009ECE0B /* Sources */ = {
			isa = PBXSourcesBuildPhase;
			buildActionMask = 2147483647;
			files = (
				B541D37C1FEDB890009ECE0B /* ARMapsTests.swift in Sources */,
			);
			runOnlyForDeploymentPostprocessing = 0;
		};
		B541D37E1FEDB890009ECE0B /* Sources */ = {
			isa = PBXSourcesBuildPhase;
			buildActionMask = 2147483647;
			files = (
				B541D3871FEDB891009ECE0B /* ARMapsUITests.swift in Sources */,
			);
			runOnlyForDeploymentPostprocessing = 0;
		};
/* End PBXSourcesBuildPhase section */

/* Begin PBXTargetDependency section */
		B541D3791FEDB890009ECE0B /* PBXTargetDependency */ = {
			isa = PBXTargetDependency;
			target = B541D3601FEDB890009ECE0B /* ARMaps */;
			targetProxy = B541D3781FEDB890009ECE0B /* PBXContainerItemProxy */;
		};
		B541D3841FEDB891009ECE0B /* PBXTargetDependency */ = {
			isa = PBXTargetDependency;
			target = B541D3601FEDB890009ECE0B /* ARMaps */;
			targetProxy = B541D3831FEDB891009ECE0B /* PBXContainerItemProxy */;
		};
/* End PBXTargetDependency section */

/* Begin PBXVariantGroup section */
		B541D36A1FEDB890009ECE0B /* Main.storyboard */ = {
			isa = PBXVariantGroup;
			children = (
				B541D36B1FEDB890009ECE0B /* Base */,
			);
			name = Main.storyboard;
			sourceTree = "<group>";
		};
		B541D36F1FEDB890009ECE0B /* LaunchScreen.storyboard */ = {
			isa = PBXVariantGroup;
			children = (
				B541D3701FEDB890009ECE0B /* Base */,
			);
			name = LaunchScreen.storyboard;
			sourceTree = "<group>";
		};
/* End PBXVariantGroup section */

/* Begin XCBuildConfiguration section */
		B541D3891FEDB891009ECE0B /* Debug */ = {
			isa = XCBuildConfiguration;
			buildSettings = {
				ALWAYS_SEARCH_USER_PATHS = NO;
				CLANG_ANALYZER_NONNULL = YES;
				CLANG_ANALYZER_NUMBER_OBJECT_CONVERSION = YES_AGGRESSIVE;
				CLANG_CXX_LANGUAGE_STANDARD = "gnu++14";
				CLANG_CXX_LIBRARY = "libc++";
				CLANG_ENABLE_MODULES = YES;
				CLANG_ENABLE_OBJC_ARC = YES;
				CLANG_WARN_BLOCK_CAPTURE_AUTORELEASING = YES;
				CLANG_WARN_BOOL_CONVERSION = YES;
				CLANG_WARN_COMMA = YES;
				CLANG_WARN_CONSTANT_CONVERSION = YES;
				CLANG_WARN_DIRECT_OBJC_ISA_USAGE = YES_ERROR;
				CLANG_WARN_DOCUMENTATION_COMMENTS = YES;
				CLANG_WARN_EMPTY_BODY = YES;
				CLANG_WARN_ENUM_CONVERSION = YES;
				CLANG_WARN_INFINITE_RECURSION = YES;
				CLANG_WARN_INT_CONVERSION = YES;
				CLANG_WARN_NON_LITERAL_NULL_CONVERSION = YES;
				CLANG_WARN_OBJC_LITERAL_CONVERSION = YES;
				CLANG_WARN_OBJC_ROOT_CLASS = YES_ERROR;
				CLANG_WARN_RANGE_LOOP_ANALYSIS = YES;
				CLANG_WARN_STRICT_PROTOTYPES = YES;
				CLANG_WARN_SUSPICIOUS_MOVE = YES;
				CLANG_WARN_UNGUARDED_AVAILABILITY = YES_AGGRESSIVE;
				CLANG_WARN_UNREACHABLE_CODE = YES;
				CLANG_WARN__DUPLICATE_METHOD_MATCH = YES;
				CODE_SIGN_IDENTITY = "iPhone Developer";
				COPY_PHASE_STRIP = NO;
				DEBUG_INFORMATION_FORMAT = dwarf;
				ENABLE_STRICT_OBJC_MSGSEND = YES;
				ENABLE_TESTABILITY = YES;
				GCC_C_LANGUAGE_STANDARD = gnu11;
				GCC_DYNAMIC_NO_PIC = NO;
				GCC_NO_COMMON_BLOCKS = YES;
				GCC_OPTIMIZATION_LEVEL = 0;
				GCC_PREPROCESSOR_DEFINITIONS = (
					"DEBUG=1",
					"$(inherited)",
				);
				GCC_WARN_64_TO_32_BIT_CONVERSION = YES;
				GCC_WARN_ABOUT_RETURN_TYPE = YES_ERROR;
				GCC_WARN_UNDECLARED_SELECTOR = YES;
				GCC_WARN_UNINITIALIZED_AUTOS = YES_AGGRESSIVE;
				GCC_WARN_UNUSED_FUNCTION = YES;
				GCC_WARN_UNUSED_VARIABLE = YES;
				IPHONEOS_DEPLOYMENT_TARGET = 11.2;
				MTL_ENABLE_DEBUG_INFO = YES;
				ONLY_ACTIVE_ARCH = YES;
				SDKROOT = iphoneos;
				SWIFT_ACTIVE_COMPILATION_CONDITIONS = DEBUG;
				SWIFT_OPTIMIZATION_LEVEL = "-Onone";
			};
			name = Debug;
		};
		B541D38A1FEDB891009ECE0B /* Release */ = {
			isa = XCBuildConfiguration;
			buildSettings = {
				ALWAYS_SEARCH_USER_PATHS = NO;
				CLANG_ANALYZER_NONNULL = YES;
				CLANG_ANALYZER_NUMBER_OBJECT_CONVERSION = YES_AGGRESSIVE;
				CLANG_CXX_LANGUAGE_STANDARD = "gnu++14";
				CLANG_CXX_LIBRARY = "libc++";
				CLANG_ENABLE_MODULES = YES;
				CLANG_ENABLE_OBJC_ARC = YES;
				CLANG_WARN_BLOCK_CAPTURE_AUTORELEASING = YES;
				CLANG_WARN_BOOL_CONVERSION = YES;
				CLANG_WARN_COMMA = YES;
				CLANG_WARN_CONSTANT_CONVERSION = YES;
				CLANG_WARN_DIRECT_OBJC_ISA_USAGE = YES_ERROR;
				CLANG_WARN_DOCUMENTATION_COMMENTS = YES;
				CLANG_WARN_EMPTY_BODY = YES;
				CLANG_WARN_ENUM_CONVERSION = YES;
				CLANG_WARN_INFINITE_RECURSION = YES;
				CLANG_WARN_INT_CONVERSION = YES;
				CLANG_WARN_NON_LITERAL_NULL_CONVERSION = YES;
				CLANG_WARN_OBJC_LITERAL_CONVERSION = YES;
				CLANG_WARN_OBJC_ROOT_CLASS = YES_ERROR;
				CLANG_WARN_RANGE_LOOP_ANALYSIS = YES;
				CLANG_WARN_STRICT_PROTOTYPES = YES;
				CLANG_WARN_SUSPICIOUS_MOVE = YES;
				CLANG_WARN_UNGUARDED_AVAILABILITY = YES_AGGRESSIVE;
				CLANG_WARN_UNREACHABLE_CODE = YES;
				CLANG_WARN__DUPLICATE_METHOD_MATCH = YES;
				CODE_SIGN_IDENTITY = "iPhone Developer";
				COPY_PHASE_STRIP = NO;
				DEBUG_INFORMATION_FORMAT = "dwarf-with-dsym";
				ENABLE_NS_ASSERTIONS = NO;
				ENABLE_STRICT_OBJC_MSGSEND = YES;
				GCC_C_LANGUAGE_STANDARD = gnu11;
				GCC_NO_COMMON_BLOCKS = YES;
				GCC_WARN_64_TO_32_BIT_CONVERSION = YES;
				GCC_WARN_ABOUT_RETURN_TYPE = YES_ERROR;
				GCC_WARN_UNDECLARED_SELECTOR = YES;
				GCC_WARN_UNINITIALIZED_AUTOS = YES_AGGRESSIVE;
				GCC_WARN_UNUSED_FUNCTION = YES;
				GCC_WARN_UNUSED_VARIABLE = YES;
				IPHONEOS_DEPLOYMENT_TARGET = 11.2;
				MTL_ENABLE_DEBUG_INFO = NO;
				SDKROOT = iphoneos;
				SWIFT_OPTIMIZATION_LEVEL = "-Owholemodule";
				VALIDATE_PRODUCT = YES;
			};
			name = Release;
		};
		B541D38C1FEDB891009ECE0B /* Debug */ = {
			isa = XCBuildConfiguration;
			baseConfigurationReference = 924D902122C956DF1FEEB8F2 /* Pods-ARMaps.debug.xcconfig */;
			buildSettings = {
				ASSETCATALOG_COMPILER_APPICON_NAME = AppIcon;
				CODE_SIGN_STYLE = Automatic;
				DEVELOPMENT_TEAM = ZFQ9G8399E;
				INFOPLIST_FILE = ARMaps/Info.plist;
				IPHONEOS_DEPLOYMENT_TARGET = 11.2;
				LD_RUNPATH_SEARCH_PATHS = "$(inherited) @executable_path/Frameworks";
				PRODUCT_BUNDLE_IDENTIFIER = JammingApps.ARMaps;
				PRODUCT_NAME = "$(TARGET_NAME)";
				SWIFT_VERSION = 4.0;
				TARGETED_DEVICE_FAMILY = "1,2";
			};
			name = Debug;
		};
		B541D38D1FEDB891009ECE0B /* Release */ = {
			isa = XCBuildConfiguration;
			baseConfigurationReference = 90D8E8F104E275753F8390D3 /* Pods-ARMaps.release.xcconfig */;
			buildSettings = {
				ASSETCATALOG_COMPILER_APPICON_NAME = AppIcon;
				CODE_SIGN_STYLE = Automatic;
				DEVELOPMENT_TEAM = ZFQ9G8399E;
				INFOPLIST_FILE = ARMaps/Info.plist;
				IPHONEOS_DEPLOYMENT_TARGET = 11.2;
				LD_RUNPATH_SEARCH_PATHS = "$(inherited) @executable_path/Frameworks";
				PRODUCT_BUNDLE_IDENTIFIER = JammingApps.ARMaps;
				PRODUCT_NAME = "$(TARGET_NAME)";
				SWIFT_VERSION = 4.0;
				TARGETED_DEVICE_FAMILY = "1,2";
			};
			name = Release;
		};
		B541D38F1FEDB891009ECE0B /* Debug */ = {
			isa = XCBuildConfiguration;
			baseConfigurationReference = 990F2DEE31F1083EE0374104 /* Pods-ARMapsTests.debug.xcconfig */;
			buildSettings = {
				ALWAYS_EMBED_SWIFT_STANDARD_LIBRARIES = YES;
				BUNDLE_LOADER = "$(TEST_HOST)";
				CODE_SIGN_STYLE = Automatic;
				DEVELOPMENT_TEAM = ZFQ9G8399E;
				INFOPLIST_FILE = ARMapsTests/Info.plist;
				LD_RUNPATH_SEARCH_PATHS = "$(inherited) @executable_path/Frameworks @loader_path/Frameworks";
				PRODUCT_BUNDLE_IDENTIFIER = JammingApps.ARMapsTests;
				PRODUCT_NAME = "$(TARGET_NAME)";
				SWIFT_VERSION = 4.0;
				TARGETED_DEVICE_FAMILY = "1,2";
				TEST_HOST = "$(BUILT_PRODUCTS_DIR)/ARMaps.app/ARMaps";
			};
			name = Debug;
		};
		B541D3901FEDB891009ECE0B /* Release */ = {
			isa = XCBuildConfiguration;
			baseConfigurationReference = FDDEA07E138E91A23B39C39C /* Pods-ARMapsTests.release.xcconfig */;
			buildSettings = {
				ALWAYS_EMBED_SWIFT_STANDARD_LIBRARIES = YES;
				BUNDLE_LOADER = "$(TEST_HOST)";
				CODE_SIGN_STYLE = Automatic;
				DEVELOPMENT_TEAM = ZFQ9G8399E;
				INFOPLIST_FILE = ARMapsTests/Info.plist;
				LD_RUNPATH_SEARCH_PATHS = "$(inherited) @executable_path/Frameworks @loader_path/Frameworks";
				PRODUCT_BUNDLE_IDENTIFIER = JammingApps.ARMapsTests;
				PRODUCT_NAME = "$(TARGET_NAME)";
				SWIFT_VERSION = 4.0;
				TARGETED_DEVICE_FAMILY = "1,2";
				TEST_HOST = "$(BUILT_PRODUCTS_DIR)/ARMaps.app/ARMaps";
			};
			name = Release;
		};
		B541D3921FEDB891009ECE0B /* Debug */ = {
			isa = XCBuildConfiguration;
			baseConfigurationReference = 3B9BE24D5A04B055A810ECC9 /* Pods-ARMapsUITests.debug.xcconfig */;
			buildSettings = {
				ALWAYS_EMBED_SWIFT_STANDARD_LIBRARIES = YES;
				CODE_SIGN_STYLE = Automatic;
				DEVELOPMENT_TEAM = ZFQ9G8399E;
				INFOPLIST_FILE = ARMapsUITests/Info.plist;
				LD_RUNPATH_SEARCH_PATHS = "$(inherited) @executable_path/Frameworks @loader_path/Frameworks";
				PRODUCT_BUNDLE_IDENTIFIER = JammingApps.ARMapsUITests;
				PRODUCT_NAME = "$(TARGET_NAME)";
				SWIFT_VERSION = 4.0;
				TARGETED_DEVICE_FAMILY = "1,2";
				TEST_TARGET_NAME = ARMaps;
			};
			name = Debug;
		};
		B541D3931FEDB891009ECE0B /* Release */ = {
			isa = XCBuildConfiguration;
			baseConfigurationReference = 31E63F252FA01B18BE710023 /* Pods-ARMapsUITests.release.xcconfig */;
			buildSettings = {
				ALWAYS_EMBED_SWIFT_STANDARD_LIBRARIES = YES;
				CODE_SIGN_STYLE = Automatic;
				DEVELOPMENT_TEAM = ZFQ9G8399E;
				INFOPLIST_FILE = ARMapsUITests/Info.plist;
				LD_RUNPATH_SEARCH_PATHS = "$(inherited) @executable_path/Frameworks @loader_path/Frameworks";
				PRODUCT_BUNDLE_IDENTIFIER = JammingApps.ARMapsUITests;
				PRODUCT_NAME = "$(TARGET_NAME)";
				SWIFT_VERSION = 4.0;
				TARGETED_DEVICE_FAMILY = "1,2";
				TEST_TARGET_NAME = ARMaps;
			};
			name = Release;
		};
/* End XCBuildConfiguration section */

/* Begin XCConfigurationList section */
		B541D35C1FEDB890009ECE0B /* Build configuration list for PBXProject "ARMaps" */ = {
			isa = XCConfigurationList;
			buildConfigurations = (
				B541D3891FEDB891009ECE0B /* Debug */,
				B541D38A1FEDB891009ECE0B /* Release */,
			);
			defaultConfigurationIsVisible = 0;
			defaultConfigurationName = Release;
		};
		B541D38B1FEDB891009ECE0B /* Build configuration list for PBXNativeTarget "ARMaps" */ = {
			isa = XCConfigurationList;
			buildConfigurations = (
				B541D38C1FEDB891009ECE0B /* Debug */,
				B541D38D1FEDB891009ECE0B /* Release */,
			);
			defaultConfigurationIsVisible = 0;
			defaultConfigurationName = Release;
		};
		B541D38E1FEDB891009ECE0B /* Build configuration list for PBXNativeTarget "ARMapsTests" */ = {
			isa = XCConfigurationList;
			buildConfigurations = (
				B541D38F1FEDB891009ECE0B /* Debug */,
				B541D3901FEDB891009ECE0B /* Release */,
			);
			defaultConfigurationIsVisible = 0;
			defaultConfigurationName = Release;
		};
		B541D3911FEDB891009ECE0B /* Build configuration list for PBXNativeTarget "ARMapsUITests" */ = {
			isa = XCConfigurationList;
			buildConfigurations = (
				B541D3921FEDB891009ECE0B /* Debug */,
				B541D3931FEDB891009ECE0B /* Release */,
			);
			defaultConfigurationIsVisible = 0;
			defaultConfigurationName = Release;
		};
/* End XCConfigurationList section */
	};
	rootObject = B541D3591FEDB890009ECE0B /* Project object */;
}
